
Microsoft Visual Studio Solution File, Format Version 12.00
# Visual Studio Version 16
VisualStudioVersion = 16.0.29326.143
MinimumVisualStudioVersion = 10.0.40219.1
Project("{FAE04EC0-301F-11D3-BF4B-00C04F79EFBC}") = "HomeworkTracker", "HomeworkTracker.csproj", "{CC27D08E-F224-473F-A684-9CC9C03EDB91}"
EndProject
Global
	GlobalSection(SolutionConfigurationPlatforms) = preSolution
		Debug|Any CPU = Debug|Any CPU
		Release|Any CPU = Release|Any CPU
	EndGlobalSection
	GlobalSection(ProjectConfigurationPlatforms) = postSolution
		{CC27D08E-F224-473F-A684-9CC9C03EDB91}.Debug|Any CPU.ActiveCfg = Debug|Any CPU
		{CC27D08E-F224-473F-A684-9CC9C03EDB91}.Debug|Any CPU.Build.0 = Debug|Any CPU
		{CC27D08E-F224-473F-A684-9CC9C03EDB91}.Release|Any CPU.ActiveCfg = Release|Any CPU
		{CC27D08E-F224-473F-A684-9CC9C03EDB91}.Release|Any CPU.Build.0 = Release|Any CPU
	EndGlobalSection
	GlobalSection(SolutionProperties) = preSolution
		HideSolutionNode = FALSE
	EndGlobalSection
	GlobalSection(ExtensibilityGlobals) = postSolution
		SolutionGuid = {DD06FE7C-7CB7-4BB2-AF37-65066C62FDD4}
	EndGlobalSection
EndGlobal
