
Microsoft Visual Studio Solution File, Format Version 12.00
# Visual Studio Version 16
VisualStudioVersion = 16.0.29519.87
MinimumVisualStudioVersion = 10.0.40219.1
Project("{FAE04EC0-301F-11D3-BF4B-00C04F79EFBC}") = "SportsSite", "SportsSite.csproj", "{1D917C56-E46C-4687-B318-A9CDE56BA504}"
EndProject
Global
	GlobalSection(SolutionConfigurationPlatforms) = preSolution
		Debug|Any CPU = Debug|Any CPU
		Release|Any CPU = Release|Any CPU
	EndGlobalSection
	GlobalSection(ProjectConfigurationPlatforms) = postSolution
		{1D917C56-E46C-4687-B318-A9CDE56BA504}.Debug|Any CPU.ActiveCfg = Debug|Any CPU
		{1D917C56-E46C-4687-B318-A9CDE56BA504}.Debug|Any CPU.Build.0 = Debug|Any CPU
		{1D917C56-E46C-4687-B318-A9CDE56BA504}.Release|Any CPU.ActiveCfg = Release|Any CPU
		{1D917C56-E46C-4687-B318-A9CDE56BA504}.Release|Any CPU.Build.0 = Release|Any CPU
	EndGlobalSection
	GlobalSection(SolutionProperties) = preSolution
		HideSolutionNode = FALSE
	EndGlobalSection
	GlobalSection(ExtensibilityGlobals) = postSolution
		SolutionGuid = {4B11B917-2461-433E-9E45-DEAADF727511}
	EndGlobalSection
EndGlobal
